
Microsoft Visual Studio Solution File, Format Version 12.00
# Visual Studio Version 16
VisualStudioVersion = 16.0.29519.87
MinimumVisualStudioVersion = 10.0.40219.1
Project("{FAE04EC0-301F-11D3-BF4B-00C04F79EFBC}") = "deleteDuplicate", "deleteDuplicate\deleteDuplicate.csproj", "{3C4DDB81-BF57-4C1C-9250-2890CB349B41}"
EndProject
Global
	GlobalSection(SolutionConfigurationPlatforms) = preSolution
		Debug|Any CPU = Debug|Any CPU
		Release|Any CPU = Release|Any CPU
	EndGlobalSection
	GlobalSection(ProjectConfigurationPlatforms) = postSolution
		{3C4DDB81-BF57-4C1C-9250-2890CB349B41}.Debug|Any CPU.ActiveCfg = Debug|Any CPU
		{3C4DDB81-BF57-4C1C-9250-2890CB349B41}.Debug|Any CPU.Build.0 = Debug|Any CPU
		{3C4DDB81-BF57-4C1C-9250-2890CB349B41}.Release|Any CPU.ActiveCfg = Release|Any CPU
		{3C4DDB81-BF57-4C1C-9250-2890CB349B41}.Release|Any CPU.Build.0 = Release|Any CPU
	EndGlobalSection
	GlobalSection(SolutionProperties) = preSolution
		HideSolutionNode = FALSE
	EndGlobalSection
	GlobalSection(ExtensibilityGlobals) = postSolution
		SolutionGuid = {0AC17AB6-C9F1-4FDD-A451-145F104E255A}
	EndGlobalSection
EndGlobal
